Microsoft Visual Studio Solution File, Format Version 11.00
# Visual Studio 2008

Project("{7A454381-070D-755C-D20B-91EE40D63DFB}") = "Milestone4", "Assembly-CSharp.csproj", "{A8C3AECA-EBAB-C23B-3FA8-22FDCD5B13E6}"
EndProject
Project("{7A454381-070D-755C-D20B-91EE40D63DFB}") = "Milestone4", "Assembly-CSharp-Editor.csproj", "{EADB9A03-D03F-1FEC-D246-F98FB1472C88}"
EndProject
Global
	GlobalSection(SolutionConfigurationPlatforms) = preSolution
		Debug|Any CPU = Debug|Any CPU
		Release|Any CPU = Release|Any CPU
	EndGlobalSection
	GlobalSection(ProjectConfigurationPlatforms) = postSolution
		{A8C3AECA-EBAB-C23B-3FA8-22FDCD5B13E6}.Debug|Any CPU.ActiveCfg = Debug|Any CPU
		{A8C3AECA-EBAB-C23B-3FA8-22FDCD5B13E6}.Debug|Any CPU.Build.0 = Debug|Any CPU
		{A8C3AECA-EBAB-C23B-3FA8-22FDCD5B13E6}.Release|Any CPU.ActiveCfg = Release|Any CPU
		{A8C3AECA-EBAB-C23B-3FA8-22FDCD5B13E6}.Release|Any CPU.Build.0 = Release|Any CPU
		{EADB9A03-D03F-1FEC-D246-F98FB1472C88}.Debug|Any CPU.ActiveCfg = Debug|Any CPU
		{EADB9A03-D03F-1FEC-D246-F98FB1472C88}.Debug|Any CPU.Build.0 = Debug|Any CPU
		{EADB9A03-D03F-1FEC-D246-F98FB1472C88}.Release|Any CPU.ActiveCfg = Release|Any CPU
		{EADB9A03-D03F-1FEC-D246-F98FB1472C88}.Release|Any CPU.Build.0 = Release|Any CPU
	EndGlobalSection
	GlobalSection(SolutionProperties) = preSolution
		HideSolutionNode = FALSE
	EndGlobalSection
	GlobalSection(MonoDevelopProperties) = preSolution
		StartupItem = Assembly-CSharp.csproj
	EndGlobalSection
EndGlobal
